
Microsoft Visual Studio Solution File, Format Version 12.00
# Visual Studio Version 17
VisualStudioVersion = 17.4.33103.184
MinimumVisualStudioVersion = 10.0.40219.1
Project("{FAE04EC0-301F-11D3-BF4B-00C04F79EFBC}") = "net-crm", "net-crm\net-crm.csproj", "{AC103092-FE9E-4555-9126-32AE3072DA06}"
EndProject
Global
	GlobalSection(SolutionConfigurationPlatforms) = preSolution
		Debug|Any CPU = Debug|Any CPU
		Release|Any CPU = Release|Any CPU
	EndGlobalSection
	GlobalSection(ProjectConfigurationPlatforms) = postSolution
		{AC103092-FE9E-4555-9126-32AE3072DA06}.Debug|Any CPU.ActiveCfg = Debug|Any CPU
		{AC103092-FE9E-4555-9126-32AE3072DA06}.Debug|Any CPU.Build.0 = Debug|Any CPU
		{AC103092-FE9E-4555-9126-32AE3072DA06}.Release|Any CPU.ActiveCfg = Release|Any CPU
		{AC103092-FE9E-4555-9126-32AE3072DA06}.Release|Any CPU.Build.0 = Release|Any CPU
	EndGlobalSection
	GlobalSection(SolutionProperties) = preSolution
		HideSolutionNode = FALSE
	EndGlobalSection
	GlobalSection(ExtensibilityGlobals) = postSolution
		SolutionGuid = {14F1A2F0-88C1-4782-8484-389752515655}
	EndGlobalSection
EndGlobal
